
Microsoft Visual Studio Solution File, Format Version 12.00
# Visual Studio Version 17
VisualStudioVersion = 17.0.31903.59
MinimumVisualStudioVersion = 10.0.40219.1
Project("{2150E333-8FDC-42A3-9474-1A3956D46DE8}") = "src", "src", "{C85D3E73-FE78-4853-A8BA-887D997DE742}"
EndProject
Project("{FAE04EC0-301F-11D3-BF4B-00C04F79EFBC}") = "RpgSandbox.Sim", "src\RpgSandbox.Sim\RpgSandbox.Sim.csproj", "{B4496549-987F-4EE1-B3B7-9FAC3ADDCE14}"
EndProject
Project("{2150E333-8FDC-42A3-9474-1A3956D46DE8}") = "tests", "tests", "{72DD83BC-3506-4BA0-85F9-D44FE205F6E0}"
EndProject
Project("{FAE04EC0-301F-11D3-BF4B-00C04F79EFBC}") = "RpgSandbox.Sim.Tests", "tests\RpgSandbox.Sim.Tests\RpgSandbox.Sim.Tests.csproj", "{D95B6EA5-770E-4414-BEFF-4EF5C17EAF68}"
EndProject
Project("{FAE04EC0-301F-11D3-BF4B-00C04F79EFBC}") = "RpgSandbox.Game", "game\RpgSandbox.Game.csproj", "{0B2642AA-96C7-42D8-9C51-A4CC8DEDD6CE}"
EndProject
Global
	GlobalSection(SolutionConfigurationPlatforms) = preSolution
		Debug|Any CPU = Debug|Any CPU
		Release|Any CPU = Release|Any CPU
	EndGlobalSection
	GlobalSection(SolutionProperties) = preSolution
		HideSolutionNode = FALSE
	EndGlobalSection
	GlobalSection(ProjectConfigurationPlatforms) = postSolution
		{B4496549-987F-4EE1-B3B7-9FAC3ADDCE14}.Debug|Any CPU.ActiveCfg = Debug|Any CPU
		{B4496549-987F-4EE1-B3B7-9FAC3ADDCE14}.Debug|Any CPU.Build.0 = Debug|Any CPU
		{B4496549-987F-4EE1-B3B7-9FAC3ADDCE14}.Release|Any CPU.ActiveCfg = Release|Any CPU
		{B4496549-987F-4EE1-B3B7-9FAC3ADDCE14}.Release|Any CPU.Build.0 = Release|Any CPU
		{D95B6EA5-770E-4414-BEFF-4EF5C17EAF68}.Debug|Any CPU.ActiveCfg = Debug|Any CPU
		{D95B6EA5-770E-4414-BEFF-4EF5C17EAF68}.Debug|Any CPU.Build.0 = Debug|Any CPU
		{D95B6EA5-770E-4414-BEFF-4EF5C17EAF68}.Release|Any CPU.ActiveCfg = Release|Any CPU
		{D95B6EA5-770E-4414-BEFF-4EF5C17EAF68}.Release|Any CPU.Build.0 = Release|Any CPU
		{0B2642AA-96C7-42D8-9C51-A4CC8DEDD6CE}.Debug|Any CPU.ActiveCfg = Debug|Any CPU
		{0B2642AA-96C7-42D8-9C51-A4CC8DEDD6CE}.Debug|Any CPU.Build.0 = Debug|Any CPU
		{0B2642AA-96C7-42D8-9C51-A4CC8DEDD6CE}.Release|Any CPU.ActiveCfg = Debug|Any CPU
		{0B2642AA-96C7-42D8-9C51-A4CC8DEDD6CE}.Release|Any CPU.Build.0 = Debug|Any CPU
	EndGlobalSection
	GlobalSection(NestedProjects) = preSolution
		{B4496549-987F-4EE1-B3B7-9FAC3ADDCE14} = {C85D3E73-FE78-4853-A8BA-887D997DE742}
		{D95B6EA5-770E-4414-BEFF-4EF5C17EAF68} = {72DD83BC-3506-4BA0-85F9-D44FE205F6E0}
	EndGlobalSection
EndGlobal
